
Microsoft Visual Studio Solution File, Format Version 12.00
# Visual Studio 15
VisualStudioVersion = 15.0.27130.2027
MinimumVisualStudioVersion = 10.0.40219.1
Project("{FAE04EC0-301F-11D3-BF4B-00C04F79EFBC}") = "PlagueCurse", "PlagueCurse\PlagueCurse.csproj", "{288513BF-D62A-489B-9A9E-7F6B1D011294}"
EndProject
Global
	GlobalSection(SolutionConfigurationPlatforms) = preSolution
		Debug|Any CPU = Debug|Any CPU
		Release|Any CPU = Release|Any CPU
	EndGlobalSection
	GlobalSection(ProjectConfigurationPlatforms) = postSolution
		{288513BF-D62A-489B-9A9E-7F6B1D011294}.Debug|Any CPU.ActiveCfg = Debug|Any CPU
		{288513BF-D62A-489B-9A9E-7F6B1D011294}.Debug|Any CPU.Build.0 = Debug|Any CPU
		{288513BF-D62A-489B-9A9E-7F6B1D011294}.Release|Any CPU.ActiveCfg = Release|Any CPU
		{288513BF-D62A-489B-9A9E-7F6B1D011294}.Release|Any CPU.Build.0 = Release|Any CPU
	EndGlobalSection
	GlobalSection(SolutionProperties) = preSolution
		HideSolutionNode = FALSE
	EndGlobalSection
	GlobalSection(ExtensibilityGlobals) = postSolution
		SolutionGuid = {86EBFE25-54C1-46D7-8B6D-4ADDC54B889C}
	EndGlobalSection
EndGlobal
